
Microsoft Visual Studio Solution File, Format Version 12.00
# Visual Studio 14
VisualStudioVersion = 14.0.25420.1
MinimumVisualStudioVersion = 10.0.40219.1
Project("{FAE04EC0-301F-11D3-BF4B-00C04F79EFBC}") = "Hello", "Hello\Hello.csproj", "{43D3A9D9-D831-46CD-BE33-1DE6770DB406}"
EndProject
Project("{FAE04EC0-301F-11D3-BF4B-00C04F79EFBC}") = "OOdemot", "OOdemot\OOdemot.csproj", "{647E5B70-F18B-4837-8A73-4FCAFA7B4CB9}"
EndProject
Project("{FAE04EC0-301F-11D3-BF4B-00C04F79EFBC}") = "TEHTAVAT1", "TEHTAVAT1\TEHTAVAT1.csproj", "{2B863010-56E4-4D0B-8535-F2A3008FD2CA}"
EndProject
Project("{FAE04EC0-301F-11D3-BF4B-00C04F79EFBC}") = "VK38", "VK38\VK38.csproj", "{CEF3F3A5-067A-4F18-955D-1B4C51043F0B}"
EndProject
Project("{FAE04EC0-301F-11D3-BF4B-00C04F79EFBC}") = "OPPILASuusi", "OPPILASuusi\OPPILASuusi.csproj", "{832D57C0-FA45-44AE-985A-12D72A7C34B0}"
EndProject
Project("{FAE04EC0-301F-11D3-BF4B-00C04F79EFBC}") = "VKO39-1", "VKO39-1\VKO39-1.csproj", "{8B02CC1D-0001-43A7-A4E0-56D36DFA468E}"
EndProject
Project("{FAE04EC0-301F-11D3-BF4B-00C04F79EFBC}") = "VKO39-2", "VKO39-2\VKO39-2.csproj", "{88B736A9-13E1-4C6C-B547-47FA59D18F0C}"
EndProject
Project("{FAE04EC0-301F-11D3-BF4B-00C04F79EFBC}") = "VKO39-3", "VKO39-3\VKO39-3.csproj", "{3DAF0C51-C9F3-4C27-B582-76E22B222D54}"
EndProject
Project("{FAE04EC0-301F-11D3-BF4B-00C04F79EFBC}") = "VKO40-1", "VKO40-1\VKO40-1.csproj", "{F80C29E4-CF64-4ED2-96F3-CFB9EEC3266A}"
EndProject
Project("{FAE04EC0-301F-11D3-BF4B-00C04F79EFBC}") = "VKO40-2", "VKO40-2\VKO40-2.csproj", "{027B05EA-AE11-4ABE-9E21-AE46803A6DF6}"
EndProject
Project("{FAE04EC0-301F-11D3-BF4B-00C04F79EFBC}") = "VKO40-3", "VKO40-3\VKO40-3.csproj", "{BAB866ED-39E5-4F32-B86B-89FCC121E42B}"
EndProject
Project("{FAE04EC0-301F-11D3-BF4B-00C04F79EFBC}") = "VKO40-4", "VKO40-4\VKO40-4.csproj", "{DCCC6316-C6AB-4E89-81AE-F6720BD374B3}"
EndProject
Project("{FAE04EC0-301F-11D3-BF4B-00C04F79EFBC}") = "VKO40-5", "VKO40-5\VKO40-5.csproj", "{CF8ADB1E-C461-48DE-A429-1D9DB67ECA12}"
EndProject
Project("{FAE04EC0-301F-11D3-BF4B-00C04F79EFBC}") = "VKO41-1", "VKO41-1\VKO41-1.csproj", "{06FBD32A-D8CC-439D-93EC-DDC5890CF2DB}"
EndProject
Project("{FAE04EC0-301F-11D3-BF4B-00C04F79EFBC}") = "VKO41-2", "VKO41-2\VKO41-2.csproj", "{2CD0BDAC-9D56-4469-B06F-76969E1143C8}"
EndProject
Project("{FAE04EC0-301F-11D3-BF4B-00C04F79EFBC}") = "VKO41-3", "VKO41-3\VKO41-3.csproj", "{370B8966-8D8B-4BC4-8EF7-812F9684D858}"
EndProject
Project("{FAE04EC0-301F-11D3-BF4B-00C04F79EFBC}") = "TEHT1", "TEHT1\TEHT1.csproj", "{16B223E2-5DBE-4872-B5AB-3D6025E59BE8}"
EndProject
Project("{FAE04EC0-301F-11D3-BF4B-00C04F79EFBC}") = "VKO43-2", "VKO42-2\VKO43-2.csproj", "{B97FAB0C-3A0C-4E88-A3E3-3CF81E338B37}"
EndProject
Project("{FAE04EC0-301F-11D3-BF4B-00C04F79EFBC}") = "VKO43-3", "VKO43-3\VKO43-3.csproj", "{DE24DE75-6822-43AE-BC3C-1A62729ABF5D}"
EndProject
Project("{FAE04EC0-301F-11D3-BF4B-00C04F79EFBC}") = "VKO43-4", "VKO43-4\VKO43-4.csproj", "{3B8142D5-8803-4046-8FD4-24571562828D}"
EndProject
Project("{FAE04EC0-301F-11D3-BF4B-00C04F79EFBC}") = "VKO44-1", "VKO44-1\VKO44-1.csproj", "{F25ED65F-B653-4A67-B0D4-DFD6BBBA4791}"
EndProject
Project("{FAE04EC0-301F-11D3-BF4B-00C04F79EFBC}") = "VKO44-2", "VKO44-2\VKO44-2.csproj", "{0532D1E4-2E17-49A1-9A1C-7579BD634E1A}"
EndProject
Project("{FAE04EC0-301F-11D3-BF4B-00C04F79EFBC}") = "VKO44-3", "VKO44-3\VKO44-3.csproj", "{82B877AC-0E2D-4075-BEF1-E2A4CF1C1B65}"
EndProject
Global
	GlobalSection(SolutionConfigurationPlatforms) = preSolution
		Debug|Any CPU = Debug|Any CPU
		Release|Any CPU = Release|Any CPU
	EndGlobalSection
	GlobalSection(ProjectConfigurationPlatforms) = postSolution
		{43D3A9D9-D831-46CD-BE33-1DE6770DB406}.Debug|Any CPU.ActiveCfg = Debug|Any CPU
		{43D3A9D9-D831-46CD-BE33-1DE6770DB406}.Debug|Any CPU.Build.0 = Debug|Any CPU
		{43D3A9D9-D831-46CD-BE33-1DE6770DB406}.Release|Any CPU.ActiveCfg = Release|Any CPU
		{43D3A9D9-D831-46CD-BE33-1DE6770DB406}.Release|Any CPU.Build.0 = Release|Any CPU
		{647E5B70-F18B-4837-8A73-4FCAFA7B4CB9}.Debug|Any CPU.ActiveCfg = Debug|Any CPU
		{647E5B70-F18B-4837-8A73-4FCAFA7B4CB9}.Debug|Any CPU.Build.0 = Debug|Any CPU
		{647E5B70-F18B-4837-8A73-4FCAFA7B4CB9}.Release|Any CPU.ActiveCfg = Release|Any CPU
		{647E5B70-F18B-4837-8A73-4FCAFA7B4CB9}.Release|Any CPU.Build.0 = Release|Any CPU
		{2B863010-56E4-4D0B-8535-F2A3008FD2CA}.Debug|Any CPU.ActiveCfg = Debug|Any CPU
		{2B863010-56E4-4D0B-8535-F2A3008FD2CA}.Debug|Any CPU.Build.0 = Debug|Any CPU
		{2B863010-56E4-4D0B-8535-F2A3008FD2CA}.Release|Any CPU.ActiveCfg = Release|Any CPU
		{2B863010-56E4-4D0B-8535-F2A3008FD2CA}.Release|Any CPU.Build.0 = Release|Any CPU
		{CEF3F3A5-067A-4F18-955D-1B4C51043F0B}.Debug|Any CPU.ActiveCfg = Debug|Any CPU
		{CEF3F3A5-067A-4F18-955D-1B4C51043F0B}.Debug|Any CPU.Build.0 = Debug|Any CPU
		{CEF3F3A5-067A-4F18-955D-1B4C51043F0B}.Release|Any CPU.ActiveCfg = Release|Any CPU
		{CEF3F3A5-067A-4F18-955D-1B4C51043F0B}.Release|Any CPU.Build.0 = Release|Any CPU
		{832D57C0-FA45-44AE-985A-12D72A7C34B0}.Debug|Any CPU.ActiveCfg = Debug|Any CPU
		{832D57C0-FA45-44AE-985A-12D72A7C34B0}.Debug|Any CPU.Build.0 = Debug|Any CPU
		{832D57C0-FA45-44AE-985A-12D72A7C34B0}.Release|Any CPU.ActiveCfg = Release|Any CPU
		{832D57C0-FA45-44AE-985A-12D72A7C34B0}.Release|Any CPU.Build.0 = Release|Any CPU
		{8B02CC1D-0001-43A7-A4E0-56D36DFA468E}.Debug|Any CPU.ActiveCfg = Debug|Any CPU
		{8B02CC1D-0001-43A7-A4E0-56D36DFA468E}.Debug|Any CPU.Build.0 = Debug|Any CPU
		{8B02CC1D-0001-43A7-A4E0-56D36DFA468E}.Release|Any CPU.ActiveCfg = Release|Any CPU
		{8B02CC1D-0001-43A7-A4E0-56D36DFA468E}.Release|Any CPU.Build.0 = Release|Any CPU
		{88B736A9-13E1-4C6C-B547-47FA59D18F0C}.Debug|Any CPU.ActiveCfg = Debug|Any CPU
		{88B736A9-13E1-4C6C-B547-47FA59D18F0C}.Debug|Any CPU.Build.0 = Debug|Any CPU
		{88B736A9-13E1-4C6C-B547-47FA59D18F0C}.Release|Any CPU.ActiveCfg = Release|Any CPU
		{88B736A9-13E1-4C6C-B547-47FA59D18F0C}.Release|Any CPU.Build.0 = Release|Any CPU
		{3DAF0C51-C9F3-4C27-B582-76E22B222D54}.Debug|Any CPU.ActiveCfg = Debug|Any CPU
		{3DAF0C51-C9F3-4C27-B582-76E22B222D54}.Debug|Any CPU.Build.0 = Debug|Any CPU
		{3DAF0C51-C9F3-4C27-B582-76E22B222D54}.Release|Any CPU.ActiveCfg = Release|Any CPU
		{3DAF0C51-C9F3-4C27-B582-76E22B222D54}.Release|Any CPU.Build.0 = Release|Any CPU
		{F80C29E4-CF64-4ED2-96F3-CFB9EEC3266A}.Debug|Any CPU.ActiveCfg = Debug|Any CPU
		{F80C29E4-CF64-4ED2-96F3-CFB9EEC3266A}.Debug|Any CPU.Build.0 = Debug|Any CPU
		{F80C29E4-CF64-4ED2-96F3-CFB9EEC3266A}.Release|Any CPU.ActiveCfg = Release|Any CPU
		{F80C29E4-CF64-4ED2-96F3-CFB9EEC3266A}.Release|Any CPU.Build.0 = Release|Any CPU
		{027B05EA-AE11-4ABE-9E21-AE46803A6DF6}.Debug|Any CPU.ActiveCfg = Debug|Any CPU
		{027B05EA-AE11-4ABE-9E21-AE46803A6DF6}.Debug|Any CPU.Build.0 = Debug|Any CPU
		{027B05EA-AE11-4ABE-9E21-AE46803A6DF6}.Release|Any CPU.ActiveCfg = Release|Any CPU
		{027B05EA-AE11-4ABE-9E21-AE46803A6DF6}.Release|Any CPU.Build.0 = Release|Any CPU
		{BAB866ED-39E5-4F32-B86B-89FCC121E42B}.Debug|Any CPU.ActiveCfg = Debug|Any CPU
		{BAB866ED-39E5-4F32-B86B-89FCC121E42B}.Debug|Any CPU.Build.0 = Debug|Any CPU
		{BAB866ED-39E5-4F32-B86B-89FCC121E42B}.Release|Any CPU.ActiveCfg = Release|Any CPU
		{BAB866ED-39E5-4F32-B86B-89FCC121E42B}.Release|Any CPU.Build.0 = Release|Any CPU
		{DCCC6316-C6AB-4E89-81AE-F6720BD374B3}.Debug|Any CPU.ActiveCfg = Debug|Any CPU
		{DCCC6316-C6AB-4E89-81AE-F6720BD374B3}.Debug|Any CPU.Build.0 = Debug|Any CPU
		{DCCC6316-C6AB-4E89-81AE-F6720BD374B3}.Release|Any CPU.ActiveCfg = Release|Any CPU
		{DCCC6316-C6AB-4E89-81AE-F6720BD374B3}.Release|Any CPU.Build.0 = Release|Any CPU
		{CF8ADB1E-C461-48DE-A429-1D9DB67ECA12}.Debug|Any CPU.ActiveCfg = Debug|Any CPU
		{CF8ADB1E-C461-48DE-A429-1D9DB67ECA12}.Debug|Any CPU.Build.0 = Debug|Any CPU
		{CF8ADB1E-C461-48DE-A429-1D9DB67ECA12}.Release|Any CPU.ActiveCfg = Release|Any CPU
		{CF8ADB1E-C461-48DE-A429-1D9DB67ECA12}.Release|Any CPU.Build.0 = Release|Any CPU
		{06FBD32A-D8CC-439D-93EC-DDC5890CF2DB}.Debug|Any CPU.ActiveCfg = Debug|Any CPU
		{06FBD32A-D8CC-439D-93EC-DDC5890CF2DB}.Debug|Any CPU.Build.0 = Debug|Any CPU
		{06FBD32A-D8CC-439D-93EC-DDC5890CF2DB}.Release|Any CPU.ActiveCfg = Release|Any CPU
		{06FBD32A-D8CC-439D-93EC-DDC5890CF2DB}.Release|Any CPU.Build.0 = Release|Any CPU
		{2CD0BDAC-9D56-4469-B06F-76969E1143C8}.Debug|Any CPU.ActiveCfg = Debug|Any CPU
		{2CD0BDAC-9D56-4469-B06F-76969E1143C8}.Debug|Any CPU.Build.0 = Debug|Any CPU
		{2CD0BDAC-9D56-4469-B06F-76969E1143C8}.Release|Any CPU.ActiveCfg = Release|Any CPU
		{2CD0BDAC-9D56-4469-B06F-76969E1143C8}.Release|Any CPU.Build.0 = Release|Any CPU
		{370B8966-8D8B-4BC4-8EF7-812F9684D858}.Debug|Any CPU.ActiveCfg = Debug|Any CPU
		{370B8966-8D8B-4BC4-8EF7-812F9684D858}.Debug|Any CPU.Build.0 = Debug|Any CPU
		{370B8966-8D8B-4BC4-8EF7-812F9684D858}.Release|Any CPU.ActiveCfg = Release|Any CPU
		{370B8966-8D8B-4BC4-8EF7-812F9684D858}.Release|Any CPU.Build.0 = Release|Any CPU
		{16B223E2-5DBE-4872-B5AB-3D6025E59BE8}.Debug|Any CPU.ActiveCfg = Debug|Any CPU
		{16B223E2-5DBE-4872-B5AB-3D6025E59BE8}.Debug|Any CPU.Build.0 = Debug|Any CPU
		{16B223E2-5DBE-4872-B5AB-3D6025E59BE8}.Release|Any CPU.ActiveCfg = Release|Any CPU
		{16B223E2-5DBE-4872-B5AB-3D6025E59BE8}.Release|Any CPU.Build.0 = Release|Any CPU
		{B97FAB0C-3A0C-4E88-A3E3-3CF81E338B37}.Debug|Any CPU.ActiveCfg = Debug|Any CPU
		{B97FAB0C-3A0C-4E88-A3E3-3CF81E338B37}.Debug|Any CPU.Build.0 = Debug|Any CPU
		{B97FAB0C-3A0C-4E88-A3E3-3CF81E338B37}.Release|Any CPU.ActiveCfg = Release|Any CPU
		{B97FAB0C-3A0C-4E88-A3E3-3CF81E338B37}.Release|Any CPU.Build.0 = Release|Any CPU
		{DE24DE75-6822-43AE-BC3C-1A62729ABF5D}.Debug|Any CPU.ActiveCfg = Debug|Any CPU
		{DE24DE75-6822-43AE-BC3C-1A62729ABF5D}.Debug|Any CPU.Build.0 = Debug|Any CPU
		{DE24DE75-6822-43AE-BC3C-1A62729ABF5D}.Release|Any CPU.ActiveCfg = Release|Any CPU
		{DE24DE75-6822-43AE-BC3C-1A62729ABF5D}.Release|Any CPU.Build.0 = Release|Any CPU
		{3B8142D5-8803-4046-8FD4-24571562828D}.Debug|Any CPU.ActiveCfg = Debug|Any CPU
		{3B8142D5-8803-4046-8FD4-24571562828D}.Debug|Any CPU.Build.0 = Debug|Any CPU
		{3B8142D5-8803-4046-8FD4-24571562828D}.Release|Any CPU.ActiveCfg = Release|Any CPU
		{3B8142D5-8803-4046-8FD4-24571562828D}.Release|Any CPU.Build.0 = Release|Any CPU
		{F25ED65F-B653-4A67-B0D4-DFD6BBBA4791}.Debug|Any CPU.ActiveCfg = Debug|Any CPU
		{F25ED65F-B653-4A67-B0D4-DFD6BBBA4791}.Debug|Any CPU.Build.0 = Debug|Any CPU
		{F25ED65F-B653-4A67-B0D4-DFD6BBBA4791}.Release|Any CPU.ActiveCfg = Release|Any CPU
		{F25ED65F-B653-4A67-B0D4-DFD6BBBA4791}.Release|Any CPU.Build.0 = Release|Any CPU
		{0532D1E4-2E17-49A1-9A1C-7579BD634E1A}.Debug|Any CPU.ActiveCfg = Debug|Any CPU
		{0532D1E4-2E17-49A1-9A1C-7579BD634E1A}.Debug|Any CPU.Build.0 = Debug|Any CPU
		{0532D1E4-2E17-49A1-9A1C-7579BD634E1A}.Release|Any CPU.ActiveCfg = Release|Any CPU
		{0532D1E4-2E17-49A1-9A1C-7579BD634E1A}.Release|Any CPU.Build.0 = Release|Any CPU
		{82B877AC-0E2D-4075-BEF1-E2A4CF1C1B65}.Debug|Any CPU.ActiveCfg = Debug|Any CPU
		{82B877AC-0E2D-4075-BEF1-E2A4CF1C1B65}.Debug|Any CPU.Build.0 = Debug|Any CPU
		{82B877AC-0E2D-4075-BEF1-E2A4CF1C1B65}.Release|Any CPU.ActiveCfg = Release|Any CPU
		{82B877AC-0E2D-4075-BEF1-E2A4CF1C1B65}.Release|Any CPU.Build.0 = Release|Any CPU
	EndGlobalSection
	GlobalSection(SolutionProperties) = preSolution
		HideSolutionNode = FALSE
	EndGlobalSection
EndGlobal
