
Microsoft Visual Studio Solution File, Format Version 12.00
# Visual Studio 15
VisualStudioVersion = 15.0.26430.16
MinimumVisualStudioVersion = 10.0.40219.1
Project("{FAE04EC0-301F-11D3-BF4B-00C04F79EFBC}") = "Hello", "Hello\Hello.csproj", "{43D3A9D9-D831-46CD-BE33-1DE6770DB406}"
EndProject
Project("{FAE04EC0-301F-11D3-BF4B-00C04F79EFBC}") = "OOdemot", "OOdemot\OOdemot.csproj", "{647E5B70-F18B-4837-8A73-4FCAFA7B4CB9}"
EndProject
Project("{FAE04EC0-301F-11D3-BF4B-00C04F79EFBC}") = "TEHTAVAT1", "TEHTAVAT1\TEHTAVAT1.csproj", "{2B863010-56E4-4D0B-8535-F2A3008FD2CA}"
EndProject
Project("{FAE04EC0-301F-11D3-BF4B-00C04F79EFBC}") = "VK38", "VK38\VK38.csproj", "{CEF3F3A5-067A-4F18-955D-1B4C51043F0B}"
EndProject
Project("{FAE04EC0-301F-11D3-BF4B-00C04F79EFBC}") = "OPPILASuusi", "OPPILASuusi\OPPILASuusi.csproj", "{832D57C0-FA45-44AE-985A-12D72A7C34B0}"
EndProject
Project("{FAE04EC0-301F-11D3-BF4B-00C04F79EFBC}") = "VKO39-1", "VKO39-1\VKO39-1.csproj", "{8B02CC1D-0001-43A7-A4E0-56D36DFA468E}"
EndProject
Project("{FAE04EC0-301F-11D3-BF4B-00C04F79EFBC}") = "VKO39-2", "VKO39-2\VKO39-2.csproj", "{88B736A9-13E1-4C6C-B547-47FA59D18F0C}"
EndProject
Project("{FAE04EC0-301F-11D3-BF4B-00C04F79EFBC}") = "VKO39-3", "VKO39-3\VKO39-3.csproj", "{3DAF0C51-C9F3-4C27-B582-76E22B222D54}"
EndProject
Project("{FAE04EC0-301F-11D3-BF4B-00C04F79EFBC}") = "VKO40-1", "VKO40-1\VKO40-1.csproj", "{F80C29E4-CF64-4ED2-96F3-CFB9EEC3266A}"
EndProject
Global
	GlobalSection(SolutionConfigurationPlatforms) = preSolution
		Debug|Any CPU = Debug|Any CPU
		Release|Any CPU = Release|Any CPU
	EndGlobalSection
	GlobalSection(ProjectConfigurationPlatforms) = postSolution
		{43D3A9D9-D831-46CD-BE33-1DE6770DB406}.Debug|Any CPU.ActiveCfg = Debug|Any CPU
		{43D3A9D9-D831-46CD-BE33-1DE6770DB406}.Debug|Any CPU.Build.0 = Debug|Any CPU
		{43D3A9D9-D831-46CD-BE33-1DE6770DB406}.Release|Any CPU.ActiveCfg = Release|Any CPU
		{43D3A9D9-D831-46CD-BE33-1DE6770DB406}.Release|Any CPU.Build.0 = Release|Any CPU
		{647E5B70-F18B-4837-8A73-4FCAFA7B4CB9}.Debug|Any CPU.ActiveCfg = Debug|Any CPU
		{647E5B70-F18B-4837-8A73-4FCAFA7B4CB9}.Debug|Any CPU.Build.0 = Debug|Any CPU
		{647E5B70-F18B-4837-8A73-4FCAFA7B4CB9}.Release|Any CPU.ActiveCfg = Release|Any CPU
		{647E5B70-F18B-4837-8A73-4FCAFA7B4CB9}.Release|Any CPU.Build.0 = Release|Any CPU
		{2B863010-56E4-4D0B-8535-F2A3008FD2CA}.Debug|Any CPU.ActiveCfg = Debug|Any CPU
		{2B863010-56E4-4D0B-8535-F2A3008FD2CA}.Debug|Any CPU.Build.0 = Debug|Any CPU
		{2B863010-56E4-4D0B-8535-F2A3008FD2CA}.Release|Any CPU.ActiveCfg = Release|Any CPU
		{2B863010-56E4-4D0B-8535-F2A3008FD2CA}.Release|Any CPU.Build.0 = Release|Any CPU
		{CEF3F3A5-067A-4F18-955D-1B4C51043F0B}.Debug|Any CPU.ActiveCfg = Debug|Any CPU
		{CEF3F3A5-067A-4F18-955D-1B4C51043F0B}.Debug|Any CPU.Build.0 = Debug|Any CPU
		{CEF3F3A5-067A-4F18-955D-1B4C51043F0B}.Release|Any CPU.ActiveCfg = Release|Any CPU
		{CEF3F3A5-067A-4F18-955D-1B4C51043F0B}.Release|Any CPU.Build.0 = Release|Any CPU
		{832D57C0-FA45-44AE-985A-12D72A7C34B0}.Debug|Any CPU.ActiveCfg = Debug|Any CPU
		{832D57C0-FA45-44AE-985A-12D72A7C34B0}.Debug|Any CPU.Build.0 = Debug|Any CPU
		{832D57C0-FA45-44AE-985A-12D72A7C34B0}.Release|Any CPU.ActiveCfg = Release|Any CPU
		{832D57C0-FA45-44AE-985A-12D72A7C34B0}.Release|Any CPU.Build.0 = Release|Any CPU
		{8B02CC1D-0001-43A7-A4E0-56D36DFA468E}.Debug|Any CPU.ActiveCfg = Debug|Any CPU
		{8B02CC1D-0001-43A7-A4E0-56D36DFA468E}.Debug|Any CPU.Build.0 = Debug|Any CPU
		{8B02CC1D-0001-43A7-A4E0-56D36DFA468E}.Release|Any CPU.ActiveCfg = Release|Any CPU
		{8B02CC1D-0001-43A7-A4E0-56D36DFA468E}.Release|Any CPU.Build.0 = Release|Any CPU
		{88B736A9-13E1-4C6C-B547-47FA59D18F0C}.Debug|Any CPU.ActiveCfg = Debug|Any CPU
		{88B736A9-13E1-4C6C-B547-47FA59D18F0C}.Debug|Any CPU.Build.0 = Debug|Any CPU
		{88B736A9-13E1-4C6C-B547-47FA59D18F0C}.Release|Any CPU.ActiveCfg = Release|Any CPU
		{88B736A9-13E1-4C6C-B547-47FA59D18F0C}.Release|Any CPU.Build.0 = Release|Any CPU
		{3DAF0C51-C9F3-4C27-B582-76E22B222D54}.Debug|Any CPU.ActiveCfg = Debug|Any CPU
		{3DAF0C51-C9F3-4C27-B582-76E22B222D54}.Debug|Any CPU.Build.0 = Debug|Any CPU
		{3DAF0C51-C9F3-4C27-B582-76E22B222D54}.Release|Any CPU.ActiveCfg = Release|Any CPU
		{3DAF0C51-C9F3-4C27-B582-76E22B222D54}.Release|Any CPU.Build.0 = Release|Any CPU
		{F80C29E4-CF64-4ED2-96F3-CFB9EEC3266A}.Debug|Any CPU.ActiveCfg = Debug|Any CPU
		{F80C29E4-CF64-4ED2-96F3-CFB9EEC3266A}.Debug|Any CPU.Build.0 = Debug|Any CPU
		{F80C29E4-CF64-4ED2-96F3-CFB9EEC3266A}.Release|Any CPU.ActiveCfg = Release|Any CPU
		{F80C29E4-CF64-4ED2-96F3-CFB9EEC3266A}.Release|Any CPU.Build.0 = Release|Any CPU
	EndGlobalSection
	GlobalSection(SolutionProperties) = preSolution
		HideSolutionNode = FALSE
	EndGlobalSection
EndGlobal
